
Microsoft Visual Studio Solution File, Format Version 12.00
# Visual Studio Version 17
VisualStudioVersion = 17.14.36518.9
MinimumVisualStudioVersion = 10.0.40219.1
Project("{FAE04EC0-301F-11D3-BF4B-00C04F79EFBC}") = "project1", "project1\project1.csproj", "{05138978-6F68-4AF4-8CEE-2F6B1B634B05}"
EndProject
Project("{FAE04EC0-301F-11D3-BF4B-00C04F79EFBC}") = "WinFormsApp1", "WinFormsApp1\WinFormsApp1.csproj", "{43F4B5C5-A770-4776-95A8-4DDD7A125614}"
EndProject
Global
	GlobalSection(SolutionConfigurationPlatforms) = preSolution
		Debug|Any CPU = Debug|Any CPU
		Release|Any CPU = Release|Any CPU
	EndGlobalSection
	GlobalSection(ProjectConfigurationPlatforms) = postSolution
		{05138978-6F68-4AF4-8CEE-2F6B1B634B05}.Debug|Any CPU.ActiveCfg = Debug|Any CPU
		{05138978-6F68-4AF4-8CEE-2F6B1B634B05}.Debug|Any CPU.Build.0 = Debug|Any CPU
		{05138978-6F68-4AF4-8CEE-2F6B1B634B05}.Release|Any CPU.ActiveCfg = Release|Any CPU
		{05138978-6F68-4AF4-8CEE-2F6B1B634B05}.Release|Any CPU.Build.0 = Release|Any CPU
		{43F4B5C5-A770-4776-95A8-4DDD7A125614}.Debug|Any CPU.ActiveCfg = Debug|Any CPU
		{43F4B5C5-A770-4776-95A8-4DDD7A125614}.Debug|Any CPU.Build.0 = Debug|Any CPU
		{43F4B5C5-A770-4776-95A8-4DDD7A125614}.Release|Any CPU.ActiveCfg = Release|Any CPU
		{43F4B5C5-A770-4776-95A8-4DDD7A125614}.Release|Any CPU.Build.0 = Release|Any CPU
	EndGlobalSection
	GlobalSection(SolutionProperties) = preSolution
		HideSolutionNode = FALSE
	EndGlobalSection
	GlobalSection(ExtensibilityGlobals) = postSolution
		SolutionGuid = {CDE40088-F32B-4E1D-82BB-A4D246D2C855}
	EndGlobalSection
EndGlobal
